// !$*UTF8*$!
{
	archiveVersion = 1;
	classes = {
	};
	objectVersion = 50;
	objects = {

/* Begin PBXBuildFile section */
		E0489C1F25EBBDEB00F3D57A /* ImageViewCell.swift in Sources */ = {isa = PBXBuildFile; fileRef = E0489C1D25EBBDEB00F3D57A /* ImageViewCell.swift */; };
		E0489C2025EBBDEB00F3D57A /* ImageViewCell.xib in Resources */ = {isa = PBXBuildFile; fileRef = E0489C1E25EBBDEB00F3D57A /* ImageViewCell.xib */; };
		E067930B25EBA0E000B06543 /* StoryCellTableViewCell.swift in Sources */ = {isa = PBXBuildFile; fileRef = E067930925EBA0E000B06543 /* StoryCellTableViewCell.swift */; };
		E067930C25EBA0E000B06543 /* StoryCellTableViewCell.xib in Resources */ = {isa = PBXBuildFile; fileRef = E067930A25EBA0E000B06543 /* StoryCellTableViewCell.xib */; };
		E0C38D9F25E9576900A2FB12 /* AppDelegate.swift in Sources */ = {isa = PBXBuildFile; fileRef = E0C38D9E25E9576900A2FB12 /* AppDelegate.swift */; };
		E0C38DA125E9576900A2FB12 /* ViewController.swift in Sources */ = {isa = PBXBuildFile; fileRef = E0C38DA025E9576900A2FB12 /* ViewController.swift */; };
		E0C38DA425E9576900A2FB12 /* Main.storyboard in Resources */ = {isa = PBXBuildFile; fileRef = E0C38DA225E9576900A2FB12 /* Main.storyboard */; };
		E0C38DA625E957CD00A2FB12 /* Assets.xcassets in Resources */ = {isa = PBXBuildFile; fileRef = E0C38DA525E957CD00A2FB12 /* Assets.xcassets */; };
		E0C38DA925E957CD00A2FB12 /* LaunchScreen.storyboard in Resources */ = {isa = PBXBuildFile; fileRef = E0C38DA725E957CD00A2FB12 /* LaunchScreen.storyboard */; };
		E0C38DB425E957CF00A2FB12 /* Param_s_AppTests.swift in Sources */ = {isa = PBXBuildFile; fileRef = E0C38DB325E957CF00A2FB12 /* Param_s_AppTests.swift */; };
		E0C38DBF25E957D000A2FB12 /* Param_s_AppUITests.swift in Sources */ = {isa = PBXBuildFile; fileRef = E0C38DBE25E957D000A2FB12 /* Param_s_AppUITests.swift */; };
		E0CB215525EB953400570AD7 /* Story.swift in Sources */ = {isa = PBXBuildFile; fileRef = E0CB215425EB953400570AD7 /* Story.swift */; };
/* End PBXBuildFile section */

/* Begin PBXContainerItemProxy section */
		E0C38DB025E957CF00A2FB12 /* PBXContainerItemProxy */ = {
			isa = PBXContainerItemProxy;
			containerPortal = E0C38D9325E9576900A2FB12 /* Project object */;
			proxyType = 1;
			remoteGlobalIDString = E0C38D9A25E9576900A2FB12;
			remoteInfo = "Param's App";
		};
		E0C38DBB25E957D000A2FB12 /* PBXContainerItemProxy */ = {
			isa = PBXContainerItemProxy;
			containerPortal = E0C38D9325E9576900A2FB12 /* Project object */;
			proxyType = 1;
			remoteGlobalIDString = E0C38D9A25E9576900A2FB12;
			remoteInfo = "Param's App";
		};
/* End PBXContainerItemProxy section */

/* Begin PBXFileReference section */
		E0489C1D25EBBDEB00F3D57A /* ImageViewCell.swift */ = {isa = PBXFileReference; lastKnownFileType = sourcecode.swift; path = ImageViewCell.swift; sourceTree = "<group>"; };
		E0489C1E25EBBDEB00F3D57A /* ImageViewCell.xib */ = {isa = PBXFileReference; lastKnownFileType = file.xib; path = ImageViewCell.xib; sourceTree = "<group>"; };
		E067930925EBA0E000B06543 /* StoryCellTableViewCell.swift */ = {isa = PBXFileReference; lastKnownFileType = sourcecode.swift; path = StoryCellTableViewCell.swift; sourceTree = "<group>"; };
		E067930A25EBA0E000B06543 /* StoryCellTableViewCell.xib */ = {isa = PBXFileReference; lastKnownFileType = file.xib; path = StoryCellTableViewCell.xib; sourceTree = "<group>"; };
		E0C38D9B25E9576900A2FB12 /* Param's App.app */ = {isa = PBXFileReference; explicitFileType = wrapper.application; includeInIndex = 0; path = "Param's App.app"; sourceTree = BUILT_PRODUCTS_DIR; };
		E0C38D9E25E9576900A2FB12 /* AppDelegate.swift */ = {isa = PBXFileReference; lastKnownFileType = sourcecode.swift; path = AppDelegate.swift; sourceTree = "<group>"; };
		E0C38DA025E9576900A2FB12 /* ViewController.swift */ = {isa = PBXFileReference; lastKnownFileType = sourcecode.swift; path = ViewController.swift; sourceTree = "<group>"; };
		E0C38DA325E9576900A2FB12 /* Base */ = {isa = PBXFileReference; lastKnownFileType = file.storyboard; name = Base; path = Base.lproj/Main.storyboard; sourceTree = "<group>"; };
		E0C38DA525E957CD00A2FB12 /* Assets.xcassets */ = {isa = PBXFileReference; lastKnownFileType = folder.assetcatalog; path = Assets.xcassets; sourceTree = "<group>"; };
		E0C38DA825E957CD00A2FB12 /* Base */ = {isa = PBXFileReference; lastKnownFileType = file.storyboard; name = Base; path = Base.lproj/LaunchScreen.storyboard; sourceTree = "<group>"; };
		E0C38DAA25E957CD00A2FB12 /* Info.plist */ = {isa = PBXFileReference; lastKnownFileType = text.plist.xml; path = Info.plist; sourceTree = "<group>"; };
		E0C38DAF25E957CF00A2FB12 /* Param's AppTests.xctest */ = {isa = PBXFileReference; explicitFileType = wrapper.cfbundle; includeInIndex = 0; path = "Param's AppTests.xctest"; sourceTree = BUILT_PRODUCTS_DIR; };
		E0C38DB325E957CF00A2FB12 /* Param_s_AppTests.swift */ = {isa = PBXFileReference; lastKnownFileType = sourcecode.swift; path = Param_s_AppTests.swift; sourceTree = "<group>"; };
		E0C38DB525E957CF00A2FB12 /* Info.plist */ = {isa = PBXFileReference; lastKnownFileType = text.plist.xml; path = Info.plist; sourceTree = "<group>"; };
		E0C38DBA25E957D000A2FB12 /* Param's AppUITests.xctest */ = {isa = PBXFileReference; explicitFileType = wrapper.cfbundle; includeInIndex = 0; path = "Param's AppUITests.xctest"; sourceTree = BUILT_PRODUCTS_DIR; };
		E0C38DBE25E957D000A2FB12 /* Param_s_AppUITests.swift */ = {isa = PBXFileReference; lastKnownFileType = sourcecode.swift; path = Param_s_AppUITests.swift; sourceTree = "<group>"; };
		E0C38DC025E957D000A2FB12 /* Info.plist */ = {isa = PBXFileReference; lastKnownFileType = text.plist.xml; path = Info.plist; sourceTree = "<group>"; };
		E0CB215425EB953400570AD7 /* Story.swift */ = {isa = PBXFileReference; lastKnownFileType = sourcecode.swift; path = Story.swift; sourceTree = "<group>"; };
/* End PBXFileReference section */

/* Begin PBXFrameworksBuildPhase section */
		E0C38D9825E9576900A2FB12 /* Frameworks */ = {
			isa = PBXFrameworksBuildPhase;
			buildActionMask = 2147483647;
			files = (
			);
			runOnlyForDeploymentPostprocessing = 0;
		};
		E0C38DAC25E957CF00A2FB12 /* Frameworks */ = {
			isa = PBXFrameworksBuildPhase;
			buildActionMask = 2147483647;
			files = (
			);
			runOnlyForDeploymentPostprocessing = 0;
		};
		E0C38DB725E957D000A2FB12 /* Frameworks */ = {
			isa = PBXFrameworksBuildPhase;
			buildActionMask = 2147483647;
			files = (
			);
			runOnlyForDeploymentPostprocessing = 0;
		};
/* End PBXFrameworksBuildPhase section */

/* Begin PBXGroup section */
		E0C38D9225E9576900A2FB12 = {
			isa = PBXGroup;
			children = (
				E0C38D9D25E9576900A2FB12 /* Param's App */,
				E0C38DB225E957CF00A2FB12 /* Param's AppTests */,
				E0C38DBD25E957D000A2FB12 /* Param's AppUITests */,
				E0C38D9C25E9576900A2FB12 /* Products */,
			);
			sourceTree = "<group>";
		};
		E0C38D9C25E9576900A2FB12 /* Products */ = {
			isa = PBXGroup;
			children = (
				E0C38D9B25E9576900A2FB12 /* Param's App.app */,
				E0C38DAF25E957CF00A2FB12 /* Param's AppTests.xctest */,
				E0C38DBA25E957D000A2FB12 /* Param's AppUITests.xctest */,
			);
			name = Products;
			sourceTree = "<group>";
		};
		E0C38D9D25E9576900A2FB12 /* Param's App */ = {
			isa = PBXGroup;
			children = (
				E0C38D9E25E9576900A2FB12 /* AppDelegate.swift */,
				E0C38DA025E9576900A2FB12 /* ViewController.swift */,
				E0C38DA225E9576900A2FB12 /* Main.storyboard */,
				E0C38DA525E957CD00A2FB12 /* Assets.xcassets */,
				E0C38DA725E957CD00A2FB12 /* LaunchScreen.storyboard */,
				E0C38DAA25E957CD00A2FB12 /* Info.plist */,
				E0CB215425EB953400570AD7 /* Story.swift */,
				E067930925EBA0E000B06543 /* StoryCellTableViewCell.swift */,
				E067930A25EBA0E000B06543 /* StoryCellTableViewCell.xib */,
				E0489C1D25EBBDEB00F3D57A /* ImageViewCell.swift */,
				E0489C1E25EBBDEB00F3D57A /* ImageViewCell.xib */,
			);
			path = "Param's App";
			sourceTree = "<group>";
		};
		E0C38DB225E957CF00A2FB12 /* Param's AppTests */ = {
			isa = PBXGroup;
			children = (
				E0C38DB325E957CF00A2FB12 /* Param_s_AppTests.swift */,
				E0C38DB525E957CF00A2FB12 /* Info.plist */,
			);
			path = "Param's AppTests";
			sourceTree = "<group>";
		};
		E0C38DBD25E957D000A2FB12 /* Param's AppUITests */ = {
			isa = PBXGroup;
			children = (
				E0C38DBE25E957D000A2FB12 /* Param_s_AppUITests.swift */,
				E0C38DC025E957D000A2FB12 /* Info.plist */,
			);
			path = "Param's AppUITests";
			sourceTree = "<group>";
		};
/* End PBXGroup section */

/* Begin PBXNativeTarget section */
		E0C38D9A25E9576900A2FB12 /* Param's App */ = {
			isa = PBXNativeTarget;
			buildConfigurationList = E0C38DC325E957D000A2FB12 /* Build configuration list for PBXNativeTarget "Param's App" */;
			buildPhases = (
				E0C38D9725E9576900A2FB12 /* Sources */,
				E0C38D9825E9576900A2FB12 /* Frameworks */,
				E0C38D9925E9576900A2FB12 /* Resources */,
			);
			buildRules = (
			);
			dependencies = (
			);
			name = "Param's App";
			productName = "Param's App";
			productReference = E0C38D9B25E9576900A2FB12 /* Param's App.app */;
			productType = "com.apple.product-type.application";
		};
		E0C38DAE25E957CF00A2FB12 /* Param's AppTests */ = {
			isa = PBXNativeTarget;
			buildConfigurationList = E0C38DC625E957D000A2FB12 /* Build configuration list for PBXNativeTarget "Param's AppTests" */;
			buildPhases = (
				E0C38DAB25E957CF00A2FB12 /* Sources */,
				E0C38DAC25E957CF00A2FB12 /* Frameworks */,
				E0C38DAD25E957CF00A2FB12 /* Resources */,
			);
			buildRules = (
			);
			dependencies = (
				E0C38DB125E957CF00A2FB12 /* PBXTargetDependency */,
			);
			name = "Param's AppTests";
			productName = "Param's AppTests";
			productReference = E0C38DAF25E957CF00A2FB12 /* Param's AppTests.xctest */;
			productType = "com.apple.product-type.bundle.unit-test";
		};
		E0C38DB925E957D000A2FB12 /* Param's AppUITests */ = {
			isa = PBXNativeTarget;
			buildConfigurationList = E0C38DC925E957D000A2FB12 /* Build configuration list for PBXNativeTarget "Param's AppUITests" */;
			buildPhases = (
				E0C38DB625E957D000A2FB12 /* Sources */,
				E0C38DB725E957D000A2FB12 /* Frameworks */,
				E0C38DB825E957D000A2FB12 /* Resources */,
			);
			buildRules = (
			);
			dependencies = (
				E0C38DBC25E957D000A2FB12 /* PBXTargetDependency */,
			);
			name = "Param's AppUITests";
			productName = "Param's AppUITests";
			productReference = E0C38DBA25E957D000A2FB12 /* Param's AppUITests.xctest */;
			productType = "com.apple.product-type.bundle.ui-testing";
		};
/* End PBXNativeTarget section */

/* Begin PBXProject section */
		E0C38D9325E9576900A2FB12 /* Project object */ = {
			isa = PBXProject;
			attributes = {
				LastSwiftUpdateCheck = 1030;
				LastUpgradeCheck = 1030;
				ORGANIZATIONNAME = "Param Bhavsar";
				TargetAttributes = {
					E0C38D9A25E9576900A2FB12 = {
						CreatedOnToolsVersion = 10.3;
					};
					E0C38DAE25E957CF00A2FB12 = {
						CreatedOnToolsVersion = 10.3;
						TestTargetID = E0C38D9A25E9576900A2FB12;
					};
					E0C38DB925E957D000A2FB12 = {
						CreatedOnToolsVersion = 10.3;
						TestTargetID = E0C38D9A25E9576900A2FB12;
					};
				};
			};
			buildConfigurationList = E0C38D9625E9576900A2FB12 /* Build configuration list for PBXProject "Param's App" */;
			compatibilityVersion = "Xcode 9.3";
			developmentRegion = en;
			hasScannedForEncodings = 0;
			knownRegions = (
				en,
				Base,
			);
			mainGroup = E0C38D9225E9576900A2FB12;
			productRefGroup = E0C38D9C25E9576900A2FB12 /* Products */;
			projectDirPath = "";
			projectRoot = "";
			targets = (
				E0C38D9A25E9576900A2FB12 /* Param's App */,
				E0C38DAE25E957CF00A2FB12 /* Param's AppTests */,
				E0C38DB925E957D000A2FB12 /* Param's AppUITests */,
			);
		};
/* End PBXProject section */

/* Begin PBXResourcesBuildPhase section */
		E0C38D9925E9576900A2FB12 /* Resources */ = {
			isa = PBXResourcesBuildPhase;
			buildActionMask = 2147483647;
			files = (
				E0C38DA925E957CD00A2FB12 /* LaunchScreen.storyboard in Resources */,
				E0489C2025EBBDEB00F3D57A /* ImageViewCell.xib in Resources */,
				E0C38DA625E957CD00A2FB12 /* Assets.xcassets in Resources */,
				E0C38DA425E9576900A2FB12 /* Main.storyboard in Resources */,
				E067930C25EBA0E000B06543 /* StoryCellTableViewCell.xib in Resources */,
			);
			runOnlyForDeploymentPostprocessing = 0;
		};
		E0C38DAD25E957CF00A2FB12 /* Resources */ = {
			isa = PBXResourcesBuildPhase;
			buildActionMask = 2147483647;
			files = (
			);
			runOnlyForDeploymentPostprocessing = 0;
		};
		E0C38DB825E957D000A2FB12 /* Resources */ = {
			isa = PBXResourcesBuildPhase;
			buildActionMask = 2147483647;
			files = (
			);
			runOnlyForDeploymentPostprocessing = 0;
		};
/* End PBXResourcesBuildPhase section */

/* Begin PBXSourcesBuildPhase section */
		E0C38D9725E9576900A2FB12 /* Sources */ = {
			isa = PBXSourcesBuildPhase;
			buildActionMask = 2147483647;
			files = (
				E0C38DA125E9576900A2FB12 /* ViewController.swift in Sources */,
				E0C38D9F25E9576900A2FB12 /* AppDelegate.swift in Sources */,
				E0CB215525EB953400570AD7 /* Story.swift in Sources */,
				E0489C1F25EBBDEB00F3D57A /* ImageViewCell.swift in Sources */,
				E067930B25EBA0E000B06543 /* StoryCellTableViewCell.swift in Sources */,
			);
			runOnlyForDeploymentPostprocessing = 0;
		};
		E0C38DAB25E957CF00A2FB12 /* Sources */ = {
			isa = PBXSourcesBuildPhase;
			buildActionMask = 2147483647;
			files = (
				E0C38DB425E957CF00A2FB12 /* Param_s_AppTests.swift in Sources */,
			);
			runOnlyForDeploymentPostprocessing = 0;
		};
		E0C38DB625E957D000A2FB12 /* Sources */ = {
			isa = PBXSourcesBuildPhase;
			buildActionMask = 2147483647;
			files = (
				E0C38DBF25E957D000A2FB12 /* Param_s_AppUITests.swift in Sources */,
			);
			runOnlyForDeploymentPostprocessing = 0;
		};
/* End PBXSourcesBuildPhase section */

/* Begin PBXTargetDependency section */
		E0C38DB125E957CF00A2FB12 /* PBXTargetDependency */ = {
			isa = PBXTargetDependency;
			target = E0C38D9A25E9576900A2FB12 /* Param's App */;
			targetProxy = E0C38DB025E957CF00A2FB12 /* PBXContainerItemProxy */;
		};
		E0C38DBC25E957D000A2FB12 /* PBXTargetDependency */ = {
			isa = PBXTargetDependency;
			target = E0C38D9A25E9576900A2FB12 /* Param's App */;
			targetProxy = E0C38DBB25E957D000A2FB12 /* PBXContainerItemProxy */;
		};
/* End PBXTargetDependency section */

/* Begin PBXVariantGroup section */
		E0C38DA225E9576900A2FB12 /* Main.storyboard */ = {
			isa = PBXVariantGroup;
			children = (
				E0C38DA325E9576900A2FB12 /* Base */,
			);
			name = Main.storyboard;
			sourceTree = "<group>";
		};
		E0C38DA725E957CD00A2FB12 /* LaunchScreen.storyboard */ = {
			isa = PBXVariantGroup;
			children = (
				E0C38DA825E957CD00A2FB12 /* Base */,
			);
			name = LaunchScreen.storyboard;
			sourceTree = "<group>";
		};
/* End PBXVariantGroup section */

/* Begin XCBuildConfiguration section */
		E0C38DC125E957D000A2FB12 /* Debug */ = {
			isa = XCBuildConfiguration;
			buildSettings = {
				ALWAYS_SEARCH_USER_PATHS = NO;
				CLANG_ANALYZER_NONNULL = YES;
				CLANG_ANALYZER_NUMBER_OBJECT_CONVERSION = YES_AGGRESSIVE;
				CLANG_CXX_LANGUAGE_STANDARD = "gnu++14";
				CLANG_CXX_LIBRARY = "libc++";
				CLANG_ENABLE_MODULES = YES;
				CLANG_ENABLE_OBJC_ARC = YES;
				CLANG_ENABLE_OBJC_WEAK = YES;
				CLANG_WARN_BLOCK_CAPTURE_AUTORELEASING = YES;
				CLANG_WARN_BOOL_CONVERSION = YES;
				CLANG_WARN_COMMA = YES;
				CLANG_WARN_CONSTANT_CONVERSION = YES;
				CLANG_WARN_DEPRECATED_OBJC_IMPLEMENTATIONS = YES;
				CLANG_WARN_DIRECT_OBJC_ISA_USAGE = YES_ERROR;
				CLANG_WARN_DOCUMENTATION_COMMENTS = YES;
				CLANG_WARN_EMPTY_BODY = YES;
				CLANG_WARN_ENUM_CONVERSION = YES;
				CLANG_WARN_INFINITE_RECURSION = YES;
				CLANG_WARN_INT_CONVERSION = YES;
				CLANG_WARN_NON_LITERAL_NULL_CONVERSION = YES;
				CLANG_WARN_OBJC_IMPLICIT_RETAIN_SELF = YES;
				CLANG_WARN_OBJC_LITERAL_CONVERSION = YES;
				CLANG_WARN_OBJC_ROOT_CLASS = YES_ERROR;
				CLANG_WARN_RANGE_LOOP_ANALYSIS = YES;
				CLANG_WARN_STRICT_PROTOTYPES = YES;
				CLANG_WARN_SUSPICIOUS_MOVE = YES;
				CLANG_WARN_UNGUARDED_AVAILABILITY = YES_AGGRESSIVE;
				CLANG_WARN_UNREACHABLE_CODE = YES;
				CLANG_WARN__DUPLICATE_METHOD_MATCH = YES;
				CODE_SIGN_IDENTITY = "iPhone Developer";
				COPY_PHASE_STRIP = NO;
				DEBUG_INFORMATION_FORMAT = dwarf;
				ENABLE_STRICT_OBJC_MSGSEND = YES;
				ENABLE_TESTABILITY = YES;
				GCC_C_LANGUAGE_STANDARD = gnu11;
				GCC_DYNAMIC_NO_PIC = NO;
				GCC_NO_COMMON_BLOCKS = YES;
				GCC_OPTIMIZATION_LEVEL = 0;
				GCC_PREPROCESSOR_DEFINITIONS = (
					"DEBUG=1",
					"$(inherited)",
				);
				GCC_WARN_64_TO_32_BIT_CONVERSION = YES;
				GCC_WARN_ABOUT_RETURN_TYPE = YES_ERROR;
				GCC_WARN_UNDECLARED_SELECTOR = YES;
				GCC_WARN_UNINITIALIZED_AUTOS = YES_AGGRESSIVE;
				GCC_WARN_UNUSED_FUNCTION = YES;
				GCC_WARN_UNUSED_VARIABLE = YES;
				IPHONEOS_DEPLOYMENT_TARGET = 12.4;
				MTL_ENABLE_DEBUG_INFO = INCLUDE_SOURCE;
				MTL_FAST_MATH = YES;
				ONLY_ACTIVE_ARCH = YES;
				SDKROOT = iphoneos;
				SWIFT_ACTIVE_COMPILATION_CONDITIONS = DEBUG;
				SWIFT_OPTIMIZATION_LEVEL = "-Onone";
			};
			name = Debug;
		};
		E0C38DC225E957D000A2FB12 /* Release */ = {
			isa = XCBuildConfiguration;
			buildSettings = {
				ALWAYS_SEARCH_USER_PATHS = NO;
				CLANG_ANALYZER_NONNULL = YES;
				CLANG_ANALYZER_NUMBER_OBJECT_CONVERSION = YES_AGGRESSIVE;
				CLANG_CXX_LANGUAGE_STANDARD = "gnu++14";
				CLANG_CXX_LIBRARY = "libc++";
				CLANG_ENABLE_MODULES = YES;
				CLANG_ENABLE_OBJC_ARC = YES;
				CLANG_ENABLE_OBJC_WEAK = YES;
				CLANG_WARN_BLOCK_CAPTURE_AUTORELEASING = YES;
				CLANG_WARN_BOOL_CONVERSION = YES;
				CLANG_WARN_COMMA = YES;
				CLANG_WARN_CONSTANT_CONVERSION = YES;
				CLANG_WARN_DEPRECATED_OBJC_IMPLEMENTATIONS = YES;
				CLANG_WARN_DIRECT_OBJC_ISA_USAGE = YES_ERROR;
				CLANG_WARN_DOCUMENTATION_COMMENTS = YES;
				CLANG_WARN_EMPTY_BODY = YES;
				CLANG_WARN_ENUM_CONVERSION = YES;
				CLANG_WARN_INFINITE_RECURSION = YES;
				CLANG_WARN_INT_CONVERSION = YES;
				CLANG_WARN_NON_LITERAL_NULL_CONVERSION = YES;
				CLANG_WARN_OBJC_IMPLICIT_RETAIN_SELF = YES;
				CLANG_WARN_OBJC_LITERAL_CONVERSION = YES;
				CLANG_WARN_OBJC_ROOT_CLASS = YES_ERROR;
				CLANG_WARN_RANGE_LOOP_ANALYSIS = YES;
				CLANG_WARN_STRICT_PROTOTYPES = YES;
				CLANG_WARN_SUSPICIOUS_MOVE = YES;
				CLANG_WARN_UNGUARDED_AVAILABILITY = YES_AGGRESSIVE;
				CLANG_WARN_UNREACHABLE_CODE = YES;
				CLANG_WARN__DUPLICATE_METHOD_MATCH = YES;
				CODE_SIGN_IDENTITY = "iPhone Developer";
				COPY_PHASE_STRIP = NO;
				DEBUG_INFORMATION_FORMAT = "dwarf-with-dsym";
				ENABLE_NS_ASSERTIONS = NO;
				ENABLE_STRICT_OBJC_MSGSEND = YES;
				GCC_C_LANGUAGE_STANDARD = gnu11;
				GCC_NO_COMMON_BLOCKS = YES;
				GCC_WARN_64_TO_32_BIT_CONVERSION = YES;
				GCC_WARN_ABOUT_RETURN_TYPE = YES_ERROR;
				GCC_WARN_UNDECLARED_SELECTOR = YES;
				GCC_WARN_UNINITIALIZED_AUTOS = YES_AGGRESSIVE;
				GCC_WARN_UNUSED_FUNCTION = YES;
				GCC_WARN_UNUSED_VARIABLE = YES;
				IPHONEOS_DEPLOYMENT_TARGET = 12.4;
				MTL_ENABLE_DEBUG_INFO = NO;
				MTL_FAST_MATH = YES;
				SDKROOT = iphoneos;
				SWIFT_COMPILATION_MODE = wholemodule;
				SWIFT_OPTIMIZATION_LEVEL = "-O";
				VALIDATE_PRODUCT = YES;
			};
			name = Release;
		};
		E0C38DC425E957D000A2FB12 /* Debug */ = {
			isa = XCBuildConfiguration;
			buildSettings = {
				ASSETCATALOG_COMPILER_APPICON_NAME = AppIcon;
				CODE_SIGN_STYLE = Automatic;
				DEVELOPMENT_TEAM = FASB32M343;
				INFOPLIST_FILE = "Param's App/Info.plist";
				LD_RUNPATH_SEARCH_PATHS = (
					"$(inherited)",
					"@executable_path/Frameworks",
				);
				PRODUCT_BUNDLE_IDENTIFIER = "com.Param-Appp.Param-s-App";
				PRODUCT_NAME = "$(TARGET_NAME)";
				SWIFT_VERSION = 5.0;
				TARGETED_DEVICE_FAMILY = "1,2";
			};
			name = Debug;
		};
		E0C38DC525E957D000A2FB12 /* Release */ = {
			isa = XCBuildConfiguration;
			buildSettings = {
				ASSETCATALOG_COMPILER_APPICON_NAME = AppIcon;
				CODE_SIGN_STYLE = Automatic;
				DEVELOPMENT_TEAM = FASB32M343;
				INFOPLIST_FILE = "Param's App/Info.plist";
				LD_RUNPATH_SEARCH_PATHS = (
					"$(inherited)",
					"@executable_path/Frameworks",
				);
				PRODUCT_BUNDLE_IDENTIFIER = "com.Param-Appp.Param-s-App";
				PRODUCT_NAME = "$(TARGET_NAME)";
				SWIFT_VERSION = 5.0;
				TARGETED_DEVICE_FAMILY = "1,2";
			};
			name = Release;
		};
		E0C38DC725E957D000A2FB12 /* Debug */ = {
			isa = XCBuildConfiguration;
			buildSettings = {
				ALWAYS_EMBED_SWIFT_STANDARD_LIBRARIES = YES;
				BUNDLE_LOADER = "$(TEST_HOST)";
				CODE_SIGN_STYLE = Automatic;
				DEVELOPMENT_TEAM = FASB32M343;
				INFOPLIST_FILE = "Param's AppTests/Info.plist";
				LD_RUNPATH_SEARCH_PATHS = (
					"$(inherited)",
					"@executable_path/Frameworks",
					"@loader_path/Frameworks",
				);
				PRODUCT_BUNDLE_IDENTIFIER = "com.Param-Appp.Param-s-AppTests";
				PRODUCT_NAME = "$(TARGET_NAME)";
				SWIFT_VERSION = 5.0;
				TARGETED_DEVICE_FAMILY = "1,2";
				TEST_HOST = "$(BUILT_PRODUCTS_DIR)/Param's App.app/Param's App";
			};
			name = Debug;
		};
		E0C38DC825E957D000A2FB12 /* Release */ = {
			isa = XCBuildConfiguration;
			buildSettings = {
				ALWAYS_EMBED_SWIFT_STANDARD_LIBRARIES = YES;
				BUNDLE_LOADER = "$(TEST_HOST)";
				CODE_SIGN_STYLE = Automatic;
				DEVELOPMENT_TEAM = FASB32M343;
				INFOPLIST_FILE = "Param's AppTests/Info.plist";
				LD_RUNPATH_SEARCH_PATHS = (
					"$(inherited)",
					"@executable_path/Frameworks",
					"@loader_path/Frameworks",
				);
				PRODUCT_BUNDLE_IDENTIFIER = "com.Param-Appp.Param-s-AppTests";
				PRODUCT_NAME = "$(TARGET_NAME)";
				SWIFT_VERSION = 5.0;
				TARGETED_DEVICE_FAMILY = "1,2";
				TEST_HOST = "$(BUILT_PRODUCTS_DIR)/Param's App.app/Param's App";
			};
			name = Release;
		};
		E0C38DCA25E957D000A2FB12 /* Debug */ = {
			isa = XCBuildConfiguration;
			buildSettings = {
				ALWAYS_EMBED_SWIFT_STANDARD_LIBRARIES = YES;
				CODE_SIGN_STYLE = Automatic;
				DEVELOPMENT_TEAM = FASB32M343;
				INFOPLIST_FILE = "Param's AppUITests/Info.plist";
				LD_RUNPATH_SEARCH_PATHS = (
					"$(inherited)",
					"@executable_path/Frameworks",
					"@loader_path/Frameworks",
				);
				PRODUCT_BUNDLE_IDENTIFIER = "com.Param-Appp.Param-s-AppUITests";
				PRODUCT_NAME = "$(TARGET_NAME)";
				SWIFT_VERSION = 5.0;
				TARGETED_DEVICE_FAMILY = "1,2";
				TEST_TARGET_NAME = "Param's App";
			};
			name = Debug;
		};
		E0C38DCB25E957D000A2FB12 /* Release */ = {
			isa = XCBuildConfiguration;
			buildSettings = {
				ALWAYS_EMBED_SWIFT_STANDARD_LIBRARIES = YES;
				CODE_SIGN_STYLE = Automatic;
				DEVELOPMENT_TEAM = FASB32M343;
				INFOPLIST_FILE = "Param's AppUITests/Info.plist";
				LD_RUNPATH_SEARCH_PATHS = (
					"$(inherited)",
					"@executable_path/Frameworks",
					"@loader_path/Frameworks",
				);
				PRODUCT_BUNDLE_IDENTIFIER = "com.Param-Appp.Param-s-AppUITests";
				PRODUCT_NAME = "$(TARGET_NAME)";
				SWIFT_VERSION = 5.0;
				TARGETED_DEVICE_FAMILY = "1,2";
				TEST_TARGET_NAME = "Param's App";
			};
			name = Release;
		};
/* End XCBuildConfiguration section */

/* Begin XCConfigurationList section */
		E0C38D9625E9576900A2FB12 /* Build configuration list for PBXProject "Param's App" */ = {
			isa = XCConfigurationList;
			buildConfigurations = (
				E0C38DC125E957D000A2FB12 /* Debug */,
				E0C38DC225E957D000A2FB12 /* Release */,
			);
			defaultConfigurationIsVisible = 0;
			defaultConfigurationName = Release;
		};
		E0C38DC325E957D000A2FB12 /* Build configuration list for PBXNativeTarget "Param's App" */ = {
			isa = XCConfigurationList;
			buildConfigurations = (
				E0C38DC425E957D000A2FB12 /* Debug */,
				E0C38DC525E957D000A2FB12 /* Release */,
			);
			defaultConfigurationIsVisible = 0;
			defaultConfigurationName = Release;
		};
		E0C38DC625E957D000A2FB12 /* Build configuration list for PBXNativeTarget "Param's AppTests" */ = {
			isa = XCConfigurationList;
			buildConfigurations = (
				E0C38DC725E957D000A2FB12 /* Debug */,
				E0C38DC825E957D000A2FB12 /* Release */,
			);
			defaultConfigurationIsVisible = 0;
			defaultConfigurationName = Release;
		};
		E0C38DC925E957D000A2FB12 /* Build configuration list for PBXNativeTarget "Param's AppUITests" */ = {
			isa = XCConfigurationList;
			buildConfigurations = (
				E0C38DCA25E957D000A2FB12 /* Debug */,
				E0C38DCB25E957D000A2FB12 /* Release */,
			);
			defaultConfigurationIsVisible = 0;
			defaultConfigurationName = Release;
		};
/* End XCConfigurationList section */
	};
	rootObject = E0C38D9325E9576900A2FB12 /* Project object */;
}
